{
  "name": "atlas-apps",
  "version": "0.1.0",
  "lockfileVersion": 3,
  "requires": true,
  "packages": {
    "": {
      "name": "atlas-apps",
      "version": "0.1.0",
      "dependencies": {
        "@atlas-chain/sdk": "^0.6.15",
        "undici": "^6.27.0"
      },
      "engines": {
        "node": ">=20"
      }
    },
    "node_modules/@adraffy/ens-normalize": {
      "version": "1.11.1",
      "resolved": "https://registry.npmjs.org/@adraffy/ens-normalize/-/ens-normalize-1.11.1.tgz",
      "integrity": "sha512-nhCBV3quEgesuf7c7KYfperqSS14T8bYuvJ8PcLJp6znkZpFc0AuW4qBtr8eKVyPPe/8RSr7sglCWPU5eaxwKQ==",
      "license": "MIT"
    },
    "node_modules/@atlas-chain/sdk": {
      "version": "0.6.15",
      "resolved": "https://registry.npmjs.org/@atlas-chain/sdk/-/sdk-0.6.15.tgz",
      "integrity": "sha512-nmzyXYSIGm3j3OwMLG+OYxD5Lz4T1Nyq5+Xg7Mie/2rvVj4xYazsTIywbNhQD6GlzUVJyYeiJETXQOK196obOA==",
      "dependencies": {
        "brotli-wasm": "^3.0.1",
        "typedoc-plugin-markdown": "^4.9.0",
        "viem": "^2.38.2"
      },
      "engines": {
        "node": ">=18.0.0"
      },
      "peerDependencies": {
        "typescript": "^5.0.0"
      },
      "peerDependenciesMeta": {
        "typescript": {
          "optional": false
        }
      }
    },
    "node_modules/@gerrit0/mini-shiki": {
      "version": "3.23.0",
      "resolved": "https://registry.npmjs.org/@gerrit0/mini-shiki/-/mini-shiki-3.23.0.tgz",
      "integrity": "sha512-bEMORlG0cqdjVyCEuU0cDQbORWX+kYCeo0kV1lbxF5bt4r7SID2l9bqsxJEM0zndaxpOUT7riCyIVEuqq/Ynxg==",
      "license": "MIT",
      "peer": true,
      "dependencies": {
        "@shikijs/engine-oniguruma": "^3.23.0",
        "@shikijs/langs": "^3.23.0",
        "@shikijs/themes": "^3.23.0",
        "@shikijs/types": "^3.23.0",
        "@shikijs/vscode-textmate": "^10.0.2"
      }
    },
    "node_modules/@noble/ciphers": {
      "version": "1.3.0",
      "resolved": "https://registry.npmjs.org/@noble/ciphers/-/ciphers-1.3.0.tgz",
      "integrity": "sha512-2I0gnIVPtfnMw9ee9h1dJG7tp81+8Ob3OJb3Mv37rx5L40/b0i7djjCVvGOVqc9AEIQyvyu1i6ypKdFw8R8gQw==",
      "license": "MIT",
      "engines": {
        "node": "^14.21.3 || >=16"
      },
      "funding": {
        "url": "https://paulmillr.com/funding/"
      }
    },
    "node_modules/@noble/curves": {
      "version": "1.9.1",
      "resolved": "https://registry.npmjs.org/@noble/curves/-/curves-1.9.1.tgz",
      "integrity": "sha512-k11yZxZg+t+gWvBbIswW0yoJlu8cHOC7dhunwOzoWH/mXGBiYyR4YY6hAEK/3EUs4UpB8la1RfdRpeGsFHkWsA==",
      "license": "MIT",
      "dependencies": {
        "@noble/hashes": "1.8.0"
      },
      "engines": {
        "node": "^14.21.3 || >=16"
      },
      "funding": {
        "url": "https://paulmillr.com/funding/"
      }
    },
    "node_modules/@noble/hashes": {
      "version": "1.8.0",
      "resolved": "https://registry.npmjs.org/@noble/hashes/-/hashes-1.8.0.tgz",
      "integrity": "sha512-jCs9ldd7NwzpgXDIf6P3+NrHh9/sD6CQdxHyjQI+h/6rDNo88ypBxxz45UDuZHz9r3tNz7N/VInSVoVdtXEI4A==",
      "license": "MIT",
      "engines": {
        "node": "^14.21.3 || >=16"
      },
      "funding": {
        "url": "https://paulmillr.com/funding/"
      }
    },
    "node_modules/@scure/base": {
      "version": "1.2.6",
      "resolved": "https://registry.npmjs.org/@scure/base/-/base-1.2.6.tgz",
      "integrity": "sha512-g/nm5FgUa//MCj1gV09zTJTaM6KBAHqLN907YVQqf7zC49+DcO4B1so4ZX07Ef10Twr6nuqYEH9GEggFXA4Fmg==",
      "license": "MIT",
      "funding": {
        "url": "https://paulmillr.com/funding/"
      }
    },
    "node_modules/@scure/bip32": {
      "version": "1.7.0",
      "resolved": "https://registry.npmjs.org/@scure/bip32/-/bip32-1.7.0.tgz",
      "integrity": "sha512-E4FFX/N3f4B80AKWp5dP6ow+flD1LQZo/w8UnLGYZO674jS6YnYeepycOOksv+vLPSpgN35wgKgy+ybfTb2SMw==",
      "license": "MIT",
      "dependencies": {
        "@noble/curves": "~1.9.0",
        "@noble/hashes": "~1.8.0",
        "@scure/base": "~1.2.5"
      },
      "funding": {
        "url": "https://paulmillr.com/funding/"
      }
    },
    "node_modules/@scure/bip39": {
      "version": "1.6.0",
      "resolved": "https://registry.npmjs.org/@scure/bip39/-/bip39-1.6.0.tgz",
      "integrity": "sha512-+lF0BbLiJNwVlev4eKelw1WWLaiKXw7sSl8T6FvBlWkdX+94aGJ4o8XjUdlyhTCjd8c+B3KT3JfS8P0bLRNU6A==",
      "license": "MIT",
      "dependencies": {
        "@noble/hashes": "~1.8.0",
        "@scure/base": "~1.2.5"
      },
      "funding": {
        "url": "https://paulmillr.com/funding/"
      }
    },
    "node_modules/@shikijs/engine-oniguruma": {
      "version": "3.23.0",
      "resolved": "https://registry.npmjs.org/@shikijs/engine-oniguruma/-/engine-oniguruma-3.23.0.tgz",
      "integrity": "sha512-1nWINwKXxKKLqPibT5f4pAFLej9oZzQTsby8942OTlsJzOBZ0MWKiwzMsd+jhzu8YPCHAswGnnN1YtQfirL35g==",
      "license": "MIT",
      "peer": true,
      "dependencies": {
        "@shikijs/types": "3.23.0",
        "@shikijs/vscode-textmate": "^10.0.2"
      }
    },
    "node_modules/@shikijs/langs": {
      "version": "3.23.0",
      "resolved": "https://registry.npmjs.org/@shikijs/langs/-/langs-3.23.0.tgz",
      "integrity": "sha512-2Ep4W3Re5aB1/62RSYQInK9mM3HsLeB91cHqznAJMuylqjzNVAVCMnNWRHFtcNHXsoNRayP9z1qj4Sq3nMqYXg==",
      "license": "MIT",
      "peer": true,
      "dependencies": {
        "@shikijs/types": "3.23.0"
      }
    },
    "node_modules/@shikijs/themes": {
      "version": "3.23.0",
      "resolved": "https://registry.npmjs.org/@shikijs/themes/-/themes-3.23.0.tgz",
      "integrity": "sha512-5qySYa1ZgAT18HR/ypENL9cUSGOeI2x+4IvYJu4JgVJdizn6kG4ia5Q1jDEOi7gTbN4RbuYtmHh0W3eccOrjMA==",
      "license": "MIT",
      "peer": true,
      "dependencies": {
        "@shikijs/types": "3.23.0"
      }
    },
    "node_modules/@shikijs/types": {
      "version": "3.23.0",
      "resolved": "https://registry.npmjs.org/@shikijs/types/-/types-3.23.0.tgz",
      "integrity": "sha512-3JZ5HXOZfYjsYSk0yPwBrkupyYSLpAE26Qc0HLghhZNGTZg/SKxXIIgoxOpmmeQP0RRSDJTk1/vPfw9tbw+jSQ==",
      "license": "MIT",
      "peer": true,
      "dependencies": {
        "@shikijs/vscode-textmate": "^10.0.2",
        "@types/hast": "^3.0.4"
      }
    },
    "node_modules/@shikijs/vscode-textmate": {
      "version": "10.0.2",
      "resolved": "https://registry.npmjs.org/@shikijs/vscode-textmate/-/vscode-textmate-10.0.2.tgz",
      "integrity": "sha512-83yeghZ2xxin3Nj8z1NMd/NCuca+gsYXswywDy5bHvwlWL8tpTQmzGeUuHd9FC3E/SBEMvzJRwWEOz5gGes9Qg==",
      "license": "MIT",
      "peer": true
    },
    "node_modules/@types/hast": {
      "version": "3.0.4",
      "resolved": "https://registry.npmjs.org/@types/hast/-/hast-3.0.4.tgz",
      "integrity": "sha512-WPs+bbQw5aCj+x6laNGWLH3wviHtoCv/P3+otBhbOhJgG8qtpdAMlTCxLtsTWA7LH1Oh/bFCHsBn0TPS5m30EQ==",
      "license": "MIT",
      "peer": true,
      "dependencies": {
        "@types/unist": "*"
      }
    },
    "node_modules/@types/unist": {
      "version": "3.0.3",
      "resolved": "https://registry.npmjs.org/@types/unist/-/unist-3.0.3.tgz",
      "integrity": "sha512-ko/gIFJRv177XgZsZcBwnqJN5x/Gien8qNOn0D5bQU/zAzVf9Zt3BlcUiLqhV9y4ARk0GbT3tnUiPNgnTXzc/Q==",
      "license": "MIT",
      "peer": true
    },
    "node_modules/abitype": {
      "version": "1.2.3",
      "resolved": "https://registry.npmjs.org/abitype/-/abitype-1.2.3.tgz",
      "integrity": "sha512-Ofer5QUnuUdTFsBRwARMoWKOH1ND5ehwYhJ3OJ/BQO+StkwQjHw0XyVh4vDttzHB7QOFhPHa/o413PJ82gU/Tg==",
      "license": "MIT",
      "funding": {
        "url": "https://github.com/sponsors/wevm"
      },
      "peerDependencies": {
        "typescript": ">=5.0.4",
        "zod": "^3.22.0 || ^4.0.0"
      },
      "peerDependenciesMeta": {
        "typescript": {
          "optional": true
        },
        "zod": {
          "optional": true
        }
      }
    },
    "node_modules/argparse": {
      "version": "2.0.1",
      "resolved": "https://registry.npmjs.org/argparse/-/argparse-2.0.1.tgz",
      "integrity": "sha512-8+9WqebbFzpX9OR+Wa6O29asIogeRMzcGtAINdpMHHyAg10f05aSFVBbcEqGf/PXw1EjAZ+q2/bEBg3DvurK3Q==",
      "license": "Python-2.0",
      "peer": true
    },
    "node_modules/balanced-match": {
      "version": "4.0.4",
      "resolved": "https://registry.npmjs.org/balanced-match/-/balanced-match-4.0.4.tgz",
      "integrity": "sha512-BLrgEcRTwX2o6gGxGOCNyMvGSp35YofuYzw9h1IMTRmKqttAZZVU67bdb9Pr2vUHA8+j3i2tJfjO6C6+4myGTA==",
      "license": "MIT",
      "peer": true,
      "engines": {
        "node": "18 || 20 || >=22"
      }
    },
    "node_modules/brace-expansion": {
      "version": "5.0.7",
      "resolved": "https://registry.npmjs.org/brace-expansion/-/brace-expansion-5.0.7.tgz",
      "integrity": "sha512-7oFy703dxfY3/NLxC1fh2SUCQ0H9rmAY+5EpDVfXjUTTs+HEwR2nYaqLv+GWcTsumwxPfiz6CzCNkwXwBUwqCA==",
      "license": "MIT",
      "peer": true,
      "dependencies": {
        "balanced-match": "^4.0.2"
      },
      "engines": {
        "node": "18 || 20 || >=22"
      }
    },
    "node_modules/brotli-wasm": {
      "version": "3.0.1",
      "resolved": "https://registry.npmjs.org/brotli-wasm/-/brotli-wasm-3.0.1.tgz",
      "integrity": "sha512-U3K72/JAi3jITpdhZBqzSUq+DUY697tLxOuFXB+FpAE/Ug+5C3VZrv4uA674EUZHxNAuQ9wETXNqQkxZD6oL4A==",
      "license": "Apache-2.0",
      "engines": {
        "node": ">=v18.0.0"
      }
    },
    "node_modules/entities": {
      "version": "4.5.0",
      "resolved": "https://registry.npmjs.org/entities/-/entities-4.5.0.tgz",
      "integrity": "sha512-V0hjH4dGPh9Ao5p0MoRY6BVqtwCjhz6vI5LT8AJ55H+4g9/4vbHx1I54fS0XuclLhDHArPQCiMjDxjaL8fPxhw==",
      "license": "BSD-2-Clause",
      "peer": true,
      "engines": {
        "node": ">=0.12"
      },
      "funding": {
        "url": "https://github.com/fb55/entities?sponsor=1"
      }
    },
    "node_modules/eventemitter3": {
      "version": "5.0.1",
      "resolved": "https://registry.npmjs.org/eventemitter3/-/eventemitter3-5.0.1.tgz",
      "integrity": "sha512-GWkBvjiSZK87ELrYOSESUYeVIc9mvLLf/nXalMOS5dYrgZq9o5OVkbZAVM06CVxYsCwH9BDZFPlQTlPA1j4ahA==",
      "license": "MIT"
    },
    "node_modules/isows": {
      "version": "1.0.7",
      "resolved": "https://registry.npmjs.org/isows/-/isows-1.0.7.tgz",
      "integrity": "sha512-I1fSfDCZL5P0v33sVqeTDSpcstAg/N+wF5HS033mogOVIp4B+oHC7oOCsA3axAbBSGTJ8QubbNmnIRN/h8U7hg==",
      "funding": [
        {
          "type": "github",
          "url": "https://github.com/sponsors/wevm"
        }
      ],
      "license": "MIT",
      "peerDependencies": {
        "ws": "*"
      }
    },
    "node_modules/linkify-it": {
      "version": "5.0.1",
      "resolved": "https://registry.npmjs.org/linkify-it/-/linkify-it-5.0.1.tgz",
      "integrity": "sha512-wVoTjP4Q6R0NW5hiZkVJaFZPWgtXfoGF+6LucL3/FtiNjmcHhYjEr5f1Kqjirc1nBW07J/ZuRFumqr2oqccEWg==",
      "funding": [
        {
          "type": "github",
          "url": "https://github.com/sponsors/puzrin"
        },
        {
          "type": "github",
          "url": "https://github.com/sponsors/markdown-it"
        }
      ],
      "license": "MIT",
      "peer": true,
      "dependencies": {
        "uc.micro": "^2.0.0"
      }
    },
    "node_modules/lunr": {
      "version": "2.3.9",
      "resolved": "https://registry.npmjs.org/lunr/-/lunr-2.3.9.tgz",
      "integrity": "sha512-zTU3DaZaF3Rt9rhN3uBMGQD3dD2/vFQqnvZCDv4dl5iOzq2IZQqTxu90r4E5J+nP70J3ilqVCrbho2eWaeW8Ow==",
      "license": "MIT",
      "peer": true
    },
    "node_modules/markdown-it": {
      "version": "14.2.0",
      "resolved": "https://registry.npmjs.org/markdown-it/-/markdown-it-14.2.0.tgz",
      "integrity": "sha512-1TGiQiJVRQ3NPmZH6sx5Cfnmg6GQm9jvC1ch4TK511NjSJvjzKLzn5pPfZRNZkRPZP0HqCioSndqH8v2nRaWVQ==",
      "funding": [
        {
          "type": "github",
          "url": "https://github.com/sponsors/puzrin"
        },
        {
          "type": "github",
          "url": "https://github.com/sponsors/markdown-it"
        }
      ],
      "license": "MIT",
      "peer": true,
      "dependencies": {
        "argparse": "^2.0.1",
        "entities": "^4.4.0",
        "linkify-it": "^5.0.1",
        "mdurl": "^2.0.0",
        "punycode.js": "^2.3.1",
        "uc.micro": "^2.1.0"
      },
      "bin": {
        "markdown-it": "bin/markdown-it.mjs"
      }
    },
    "node_modules/mdurl": {
      "version": "2.0.0",
      "resolved": "https://registry.npmjs.org/mdurl/-/mdurl-2.0.0.tgz",
      "integrity": "sha512-Lf+9+2r+Tdp5wXDXC4PcIBjTDtq4UKjCPMQhKIuzpJNW0b96kVqSwW0bT7FhRSfmAiFYgP+SCRvdrDozfh0U5w==",
      "license": "MIT",
      "peer": true
    },
    "node_modules/minimatch": {
      "version": "10.2.5",
      "resolved": "https://registry.npmjs.org/minimatch/-/minimatch-10.2.5.tgz",
      "integrity": "sha512-MULkVLfKGYDFYejP07QOurDLLQpcjk7Fw+7jXS2R2czRQzR56yHRveU5NDJEOviH+hETZKSkIk5c+T23GjFUMg==",
      "license": "BlueOak-1.0.0",
      "peer": true,
      "dependencies": {
        "brace-expansion": "^5.0.5"
      },
      "engines": {
        "node": "18 || 20 || >=22"
      },
      "funding": {
        "url": "https://github.com/sponsors/isaacs"
      }
    },
    "node_modules/ox": {
      "version": "0.14.29",
      "resolved": "https://registry.npmjs.org/ox/-/ox-0.14.29.tgz",
      "integrity": "sha512-M5j87Ec4V99MQdRct/g09eWXW60g6zhHTUs1lr4deUtrPDnezBdCJTgKd7pxqTpSZBFveV0ALi9jMMuT1qKyNg==",
      "funding": [
        {
          "type": "github",
          "url": "https://github.com/sponsors/wevm"
        }
      ],
      "license": "MIT",
      "dependencies": {
        "@adraffy/ens-normalize": "^1.11.0",
        "@noble/ciphers": "^1.3.0",
        "@noble/curves": "1.9.1",
        "@noble/hashes": "^1.8.0",
        "@scure/bip32": "^1.7.0",
        "@scure/bip39": "^1.6.0",
        "abitype": "^1.2.3",
        "eventemitter3": "5.0.1"
      },
      "peerDependencies": {
        "typescript": ">=5.4.0"
      },
      "peerDependenciesMeta": {
        "typescript": {
          "optional": true
        }
      }
    },
    "node_modules/punycode.js": {
      "version": "2.3.1",
      "resolved": "https://registry.npmjs.org/punycode.js/-/punycode.js-2.3.1.tgz",
      "integrity": "sha512-uxFIHU0YlHYhDQtV4R9J6a52SLx28BCjT+4ieh7IGbgwVJWO+km431c4yRlREUAsAmt/uMjQUyQHNEPf0M39CA==",
      "license": "MIT",
      "peer": true,
      "engines": {
        "node": ">=6"
      }
    },
    "node_modules/typedoc": {
      "version": "0.28.19",
      "resolved": "https://registry.npmjs.org/typedoc/-/typedoc-0.28.19.tgz",
      "integrity": "sha512-wKh+lhdmMFivMlc6vRRcMGXeGEHGU2g8a2CkPTJjJlwRf1iXbimWIPcFolCqe4E0d/FRtGszpIrsp3WLpDB8Pw==",
      "license": "Apache-2.0",
      "peer": true,
      "dependencies": {
        "@gerrit0/mini-shiki": "^3.23.0",
        "lunr": "^2.3.9",
        "markdown-it": "^14.1.1",
        "minimatch": "^10.2.5",
        "yaml": "^2.8.3"
      },
      "bin": {
        "typedoc": "bin/typedoc"
      },
      "engines": {
        "node": ">= 18",
        "pnpm": ">= 10"
      },
      "peerDependencies": {
        "typescript": "5.0.x || 5.1.x || 5.2.x || 5.3.x || 5.4.x || 5.5.x || 5.6.x || 5.7.x || 5.8.x || 5.9.x || 6.0.x"
      }
    },
    "node_modules/typedoc-plugin-markdown": {
      "version": "4.12.0",
      "resolved": "https://registry.npmjs.org/typedoc-plugin-markdown/-/typedoc-plugin-markdown-4.12.0.tgz",
      "integrity": "sha512-eJDEMAfxCmede22c/Jw7d0FA13ggAQv+KkwQYKYCdqI02cin6Rc9QRwbG/7XvvHWinuFejySnZVUWDtvGk3Vbg==",
      "license": "MIT",
      "engines": {
        "node": ">= 18"
      },
      "peerDependencies": {
        "typedoc": "0.28.x"
      }
    },
    "node_modules/typescript": {
      "version": "5.9.3",
      "resolved": "https://registry.npmjs.org/typescript/-/typescript-5.9.3.tgz",
      "integrity": "sha512-jl1vZzPDinLr9eUt3J/t7V6FgNEw9QjvBPdysz9KfQDD41fQrC2Y4vKQdiaUpFT4bXlb1RHhLpp8wtm6M5TgSw==",
      "license": "Apache-2.0",
      "peer": true,
      "bin": {
        "tsc": "bin/tsc",
        "tsserver": "bin/tsserver"
      },
      "engines": {
        "node": ">=14.17"
      }
    },
    "node_modules/uc.micro": {
      "version": "2.1.0",
      "resolved": "https://registry.npmjs.org/uc.micro/-/uc.micro-2.1.0.tgz",
      "integrity": "sha512-ARDJmphmdvUk6Glw7y9DQ2bFkKBHwQHLi2lsaH6PPmz/Ka9sFOBsBluozhDltWmnv9u/cF6Rt87znRTPV+yp/A==",
      "license": "MIT",
      "peer": true
    },
    "node_modules/undici": {
      "version": "6.27.0",
      "resolved": "https://registry.npmjs.org/undici/-/undici-6.27.0.tgz",
      "integrity": "sha512-YmfV3YnEDzXRC5lZ2jWtWWHKGUm1zIt8AhesR1tens+HTNv+YZlN/dp6G727LOvMJ8xjP9Be7Y2Sdr96LDm+pg==",
      "license": "MIT",
      "engines": {
        "node": ">=18.17"
      }
    },
    "node_modules/viem": {
      "version": "2.53.1",
      "resolved": "https://registry.npmjs.org/viem/-/viem-2.53.1.tgz",
      "integrity": "sha512-FhfJ/SW73CVosiyVLmIMVgKDRKYV1AGCLzZoHYvmNayyVff63Qi1ocPCk59LqC/cNw244RbBJjHnmxqXkE7NpA==",
      "funding": [
        {
          "type": "github",
          "url": "https://github.com/sponsors/wevm"
        }
      ],
      "license": "MIT",
      "dependencies": {
        "@noble/curves": "1.9.1",
        "@noble/hashes": "1.8.0",
        "@scure/bip32": "1.7.0",
        "@scure/bip39": "1.6.0",
        "abitype": "1.2.3",
        "isows": "1.0.7",
        "ox": "0.14.29",
        "ws": "8.20.1"
      },
      "peerDependencies": {
        "typescript": ">=5.0.4"
      },
      "peerDependenciesMeta": {
        "typescript": {
          "optional": true
        }
      }
    },
    "node_modules/ws": {
      "version": "8.20.1",
      "resolved": "https://registry.npmjs.org/ws/-/ws-8.20.1.tgz",
      "integrity": "sha512-It4dO0K5v//JtTXuPkfEOaI3uUN87iYPnqo/ZzqCoG3g8uhA66QUMs/SrM0YK7/NAu+r4LMh/9dq2A7k+rHs+w==",
      "license": "MIT",
      "engines": {
        "node": ">=10.0.0"
      },
      "peerDependencies": {
        "bufferutil": "^4.0.1",
        "utf-8-validate": ">=5.0.2"
      },
      "peerDependenciesMeta": {
        "bufferutil": {
          "optional": true
        },
        "utf-8-validate": {
          "optional": true
        }
      }
    },
    "node_modules/yaml": {
      "version": "2.9.0",
      "resolved": "https://registry.npmjs.org/yaml/-/yaml-2.9.0.tgz",
      "integrity": "sha512-2AvhNX3mb8zd6Zy7INTtSpl1F15HW6Wnqj0srWlkKLcpYl/gMIMJiyuGq2KeI2YFxUPjdlB+3Lc10seMLtL4cA==",
      "license": "ISC",
      "peer": true,
      "bin": {
        "yaml": "bin.mjs"
      },
      "engines": {
        "node": ">= 14.6"
      },
      "funding": {
        "url": "https://github.com/sponsors/eemeli"
      }
    }
  }
}
